// !$*UTF8*$!
{
	archiveVersion = 1;
	classes = {
	};
	objectVersion = 46;
	objects = {

/* Begin PBXBuildFile section */
		83874C441D143D130056953D /* RHSocketChannel.swift in Sources */ = {isa = PBXBuildFile; fileRef = 83874C431D143D130056953D /* RHSocketChannel.swift */; };
		83874C481D143FF70056953D /* RHSocketPacket.swift in Sources */ = {isa = PBXBuildFile; fileRef = 83874C471D143FF70056953D /* RHSocketPacket.swift */; };
		838C13131D13E5A600D3046E /* AppDelegate.swift in Sources */ = {isa = PBXBuildFile; fileRef = 838C13121D13E5A600D3046E /* AppDelegate.swift */; };
		838C13151D13E5A600D3046E /* ViewController.swift in Sources */ = {isa = PBXBuildFile; fileRef = 838C13141D13E5A600D3046E /* ViewController.swift */; };
		838C13181D13E5A600D3046E /* Main.storyboard in Resources */ = {isa = PBXBuildFile; fileRef = 838C13161D13E5A600D3046E /* Main.storyboard */; };
		838C131A1D13E5A600D3046E /* Assets.xcassets in Resources */ = {isa = PBXBuildFile; fileRef = 838C13191D13E5A600D3046E /* Assets.xcassets */; };
		838C131D1D13E5A600D3046E /* LaunchScreen.storyboard in Resources */ = {isa = PBXBuildFile; fileRef = 838C131B1D13E5A600D3046E /* LaunchScreen.storyboard */; };
		838C13261D13E60500D3046E /* RHAsyncSocket.swift in Sources */ = {isa = PBXBuildFile; fileRef = 838C13251D13E60500D3046E /* RHAsyncSocket.swift */; };
		838C132A1D13E64100D3046E /* RHAsyncSocketError.swift in Sources */ = {isa = PBXBuildFile; fileRef = 838C13291D13E64100D3046E /* RHAsyncSocketError.swift */; };
		838D0A1C1D237A6F00AFEB01 /* RHSocketConnection.swift in Sources */ = {isa = PBXBuildFile; fileRef = 838D0A1B1D237A6F00AFEB01 /* RHSocketConnection.swift */; };
		838D0A1E1D237B0400AFEB01 /* RHSocketConnectionDelegate.swift in Sources */ = {isa = PBXBuildFile; fileRef = 838D0A1D1D237B0400AFEB01 /* RHSocketConnectionDelegate.swift */; };
		838D0A241D23A6E100AFEB01 /* RHSocketCodecProtocol.swift in Sources */ = {isa = PBXBuildFile; fileRef = 838D0A1F1D23A6E100AFEB01 /* RHSocketCodecProtocol.swift */; };
		838D0A251D23A6E100AFEB01 /* RHSocketDelimiterDecoder.swift in Sources */ = {isa = PBXBuildFile; fileRef = 838D0A201D23A6E100AFEB01 /* RHSocketDelimiterDecoder.swift */; };
		838D0A261D23A6E100AFEB01 /* RHSocketDelimiterEncoder.swift in Sources */ = {isa = PBXBuildFile; fileRef = 838D0A211D23A6E100AFEB01 /* RHSocketDelimiterEncoder.swift */; };
		838D0A271D23A6E100AFEB01 /* RHSocketVariableLengthDecoder.swift in Sources */ = {isa = PBXBuildFile; fileRef = 838D0A221D23A6E100AFEB01 /* RHSocketVariableLengthDecoder.swift */; };
		838D0A281D23A6E100AFEB01 /* RHSocketVariableLengthEncoder.swift in Sources */ = {isa = PBXBuildFile; fileRef = 838D0A231D23A6E100AFEB01 /* RHSocketVariableLengthEncoder.swift */; };
		838D0A2B1D23ADC600AFEB01 /* RHSocketHttpRequest.swift in Sources */ = {isa = PBXBuildFile; fileRef = 838D0A2A1D23ADC600AFEB01 /* RHSocketHttpRequest.swift */; };
		838D0A2D1D23AF5100AFEB01 /* RHSocketHttpResponse.swift in Sources */ = {isa = PBXBuildFile; fileRef = 838D0A2C1D23AF5100AFEB01 /* RHSocketHttpResponse.swift */; };
		838D0A2F1D23B15300AFEB01 /* RHSocketHttpEncoder.swift in Sources */ = {isa = PBXBuildFile; fileRef = 838D0A2E1D23B15300AFEB01 /* RHSocketHttpEncoder.swift */; };
		838D0A311D23B29100AFEB01 /* RHSocketHttpDecoder.swift in Sources */ = {isa = PBXBuildFile; fileRef = 838D0A301D23B29100AFEB01 /* RHSocketHttpDecoder.swift */; };
		83FE29741D16434900671680 /* RHSocketUtils.swift in Sources */ = {isa = PBXBuildFile; fileRef = 83FE29731D16434900671680 /* RHSocketUtils.swift */; };
/* End PBXBuildFile section */

/* Begin PBXFileReference section */
		83874C431D143D130056953D /* RHSocketChannel.swift */ = {isa = PBXFileReference; fileEncoding = 4; lastKnownFileType = sourcecode.swift; path = RHSocketChannel.swift; sourceTree = "<group>"; };
		83874C471D143FF70056953D /* RHSocketPacket.swift */ = {isa = PBXFileReference; fileEncoding = 4; lastKnownFileType = sourcecode.swift; path = RHSocketPacket.swift; sourceTree = "<group>"; };
		838C130F1D13E5A600D3046E /* RHSocketKit-Swift.app */ = {isa = PBXFileReference; explicitFileType = wrapper.application; includeInIndex = 0; path = "RHSocketKit-Swift.app"; sourceTree = BUILT_PRODUCTS_DIR; };
		838C13121D13E5A600D3046E /* AppDelegate.swift */ = {isa = PBXFileReference; lastKnownFileType = sourcecode.swift; path = AppDelegate.swift; sourceTree = "<group>"; };
		838C13141D13E5A600D3046E /* ViewController.swift */ = {isa = PBXFileReference; lastKnownFileType = sourcecode.swift; path = ViewController.swift; sourceTree = "<group>"; };
		838C13171D13E5A600D3046E /* Base */ = {isa = PBXFileReference; lastKnownFileType = file.storyboard; name = Base; path = Base.lproj/Main.storyboard; sourceTree = "<group>"; };
		838C13191D13E5A600D3046E /* Assets.xcassets */ = {isa = PBXFileReference; lastKnownFileType = folder.assetcatalog; path = Assets.xcassets; sourceTree = "<group>"; };
		838C131C1D13E5A600D3046E /* Base */ = {isa = PBXFileReference; lastKnownFileType = file.storyboard; name = Base; path = Base.lproj/LaunchScreen.storyboard; sourceTree = "<group>"; };
		838C131E1D13E5A600D3046E /* Info.plist */ = {isa = PBXFileReference; lastKnownFileType = text.plist.xml; path = Info.plist; sourceTree = "<group>"; };
		838C13251D13E60500D3046E /* RHAsyncSocket.swift */ = {isa = PBXFileReference; fileEncoding = 4; lastKnownFileType = sourcecode.swift; path = RHAsyncSocket.swift; sourceTree = "<group>"; };
		838C13291D13E64100D3046E /* RHAsyncSocketError.swift */ = {isa = PBXFileReference; fileEncoding = 4; lastKnownFileType = sourcecode.swift; path = RHAsyncSocketError.swift; sourceTree = "<group>"; };
		838D0A1B1D237A6F00AFEB01 /* RHSocketConnection.swift */ = {isa = PBXFileReference; fileEncoding = 4; lastKnownFileType = sourcecode.swift; path = RHSocketConnection.swift; sourceTree = "<group>"; };
		838D0A1D1D237B0400AFEB01 /* RHSocketConnectionDelegate.swift */ = {isa = PBXFileReference; fileEncoding = 4; lastKnownFileType = sourcecode.swift; path = RHSocketConnectionDelegate.swift; sourceTree = "<group>"; };
		838D0A1F1D23A6E100AFEB01 /* RHSocketCodecProtocol.swift */ = {isa = PBXFileReference; fileEncoding = 4; lastKnownFileType = sourcecode.swift; path = RHSocketCodecProtocol.swift; sourceTree = "<group>"; };
		838D0A201D23A6E100AFEB01 /* RHSocketDelimiterDecoder.swift */ = {isa = PBXFileReference; fileEncoding = 4; lastKnownFileType = sourcecode.swift; path = RHSocketDelimiterDecoder.swift; sourceTree = "<group>"; };
		838D0A211D23A6E100AFEB01 /* RHSocketDelimiterEncoder.swift */ = {isa = PBXFileReference; fileEncoding = 4; lastKnownFileType = sourcecode.swift; path = RHSocketDelimiterEncoder.swift; sourceTree = "<group>"; };
		838D0A221D23A6E100AFEB01 /* RHSocketVariableLengthDecoder.swift */ = {isa = PBXFileReference; fileEncoding = 4; lastKnownFileType = sourcecode.swift; path = RHSocketVariableLengthDecoder.swift; sourceTree = "<group>"; };
		838D0A231D23A6E100AFEB01 /* RHSocketVariableLengthEncoder.swift */ = {isa = PBXFileReference; fileEncoding = 4; lastKnownFileType = sourcecode.swift; path = RHSocketVariableLengthEncoder.swift; sourceTree = "<group>"; };
		838D0A2A1D23ADC600AFEB01 /* RHSocketHttpRequest.swift */ = {isa = PBXFileReference; fileEncoding = 4; lastKnownFileType = sourcecode.swift; path = RHSocketHttpRequest.swift; sourceTree = "<group>"; };
		838D0A2C1D23AF5100AFEB01 /* RHSocketHttpResponse.swift */ = {isa = PBXFileReference; fileEncoding = 4; lastKnownFileType = sourcecode.swift; path = RHSocketHttpResponse.swift; sourceTree = "<group>"; };
		838D0A2E1D23B15300AFEB01 /* RHSocketHttpEncoder.swift */ = {isa = PBXFileReference; fileEncoding = 4; lastKnownFileType = sourcecode.swift; path = RHSocketHttpEncoder.swift; sourceTree = "<group>"; };
		838D0A301D23B29100AFEB01 /* RHSocketHttpDecoder.swift */ = {isa = PBXFileReference; fileEncoding = 4; lastKnownFileType = sourcecode.swift; path = RHSocketHttpDecoder.swift; sourceTree = "<group>"; };
		83FE29731D16434900671680 /* RHSocketUtils.swift */ = {isa = PBXFileReference; fileEncoding = 4; lastKnownFileType = sourcecode.swift; path = RHSocketUtils.swift; sourceTree = "<group>"; };
/* End PBXFileReference section */

/* Begin PBXFrameworksBuildPhase section */
		838C130C1D13E5A600D3046E /* Frameworks */ = {
			isa = PBXFrameworksBuildPhase;
			buildActionMask = 2147483647;
			files = (
			);
			runOnlyForDeploymentPostprocessing = 0;
		};
/* End PBXFrameworksBuildPhase section */

/* Begin PBXGroup section */
		838C13061D13E5A600D3046E = {
			isa = PBXGroup;
			children = (
				838C13111D13E5A600D3046E /* RHSocketKit-Swift */,
				838C13101D13E5A600D3046E /* Products */,
			);
			sourceTree = "<group>";
		};
		838C13101D13E5A600D3046E /* Products */ = {
			isa = PBXGroup;
			children = (
				838C130F1D13E5A600D3046E /* RHSocketKit-Swift.app */,
			);
			name = Products;
			sourceTree = "<group>";
		};
		838C13111D13E5A600D3046E /* RHSocketKit-Swift */ = {
			isa = PBXGroup;
			children = (
				838C13241D13E5E700D3046E /* Classes */,
				838C13121D13E5A600D3046E /* AppDelegate.swift */,
				838C13141D13E5A600D3046E /* ViewController.swift */,
				838C13161D13E5A600D3046E /* Main.storyboard */,
				838C13191D13E5A600D3046E /* Assets.xcassets */,
				838C131B1D13E5A600D3046E /* LaunchScreen.storyboard */,
				838C131E1D13E5A600D3046E /* Info.plist */,
			);
			path = "RHSocketKit-Swift";
			sourceTree = "<group>";
		};
		838C13241D13E5E700D3046E /* Classes */ = {
			isa = PBXGroup;
			children = (
				838D0A291D23ADB900AFEB01 /* Http */,
				838D0A1F1D23A6E100AFEB01 /* RHSocketCodecProtocol.swift */,
				838D0A201D23A6E100AFEB01 /* RHSocketDelimiterDecoder.swift */,
				838D0A211D23A6E100AFEB01 /* RHSocketDelimiterEncoder.swift */,
				838D0A221D23A6E100AFEB01 /* RHSocketVariableLengthDecoder.swift */,
				838D0A231D23A6E100AFEB01 /* RHSocketVariableLengthEncoder.swift */,
				838C13251D13E60500D3046E /* RHAsyncSocket.swift */,
				838C13291D13E64100D3046E /* RHAsyncSocketError.swift */,
				83874C431D143D130056953D /* RHSocketChannel.swift */,
				83874C471D143FF70056953D /* RHSocketPacket.swift */,
				83FE29731D16434900671680 /* RHSocketUtils.swift */,
				838D0A1B1D237A6F00AFEB01 /* RHSocketConnection.swift */,
				838D0A1D1D237B0400AFEB01 /* RHSocketConnectionDelegate.swift */,
			);
			path = Classes;
			sourceTree = "<group>";
		};
		838D0A291D23ADB900AFEB01 /* Http */ = {
			isa = PBXGroup;
			children = (
				838D0A2A1D23ADC600AFEB01 /* RHSocketHttpRequest.swift */,
				838D0A2C1D23AF5100AFEB01 /* RHSocketHttpResponse.swift */,
				838D0A2E1D23B15300AFEB01 /* RHSocketHttpEncoder.swift */,
				838D0A301D23B29100AFEB01 /* RHSocketHttpDecoder.swift */,
			);
			path = Http;
			sourceTree = "<group>";
		};
/* End PBXGroup section */

/* Begin PBXNativeTarget section */
		838C130E1D13E5A600D3046E /* RHSocketKit-Swift */ = {
			isa = PBXNativeTarget;
			buildConfigurationList = 838C13211D13E5A600D3046E /* Build configuration list for PBXNativeTarget "RHSocketKit-Swift" */;
			buildPhases = (
				838C130B1D13E5A600D3046E /* Sources */,
				838C130C1D13E5A600D3046E /* Frameworks */,
				838C130D1D13E5A600D3046E /* Resources */,
			);
			buildRules = (
			);
			dependencies = (
			);
			name = "RHSocketKit-Swift";
			productName = "RHSocketKit-Swift";
			productReference = 838C130F1D13E5A600D3046E /* RHSocketKit-Swift.app */;
			productType = "com.apple.product-type.application";
		};
/* End PBXNativeTarget section */

/* Begin PBXProject section */
		838C13071D13E5A600D3046E /* Project object */ = {
			isa = PBXProject;
			attributes = {
				LastSwiftUpdateCheck = 0730;
				LastUpgradeCheck = 0730;
				ORGANIZATIONNAME = zhuruhong;
				TargetAttributes = {
					838C130E1D13E5A600D3046E = {
						CreatedOnToolsVersion = 7.3.1;
					};
				};
			};
			buildConfigurationList = 838C130A1D13E5A600D3046E /* Build configuration list for PBXProject "RHSocketKit-Swift" */;
			compatibilityVersion = "Xcode 3.2";
			developmentRegion = English;
			hasScannedForEncodings = 0;
			knownRegions = (
				en,
				Base,
			);
			mainGroup = 838C13061D13E5A600D3046E;
			productRefGroup = 838C13101D13E5A600D3046E /* Products */;
			projectDirPath = "";
			projectRoot = "";
			targets = (
				838C130E1D13E5A600D3046E /* RHSocketKit-Swift */,
			);
		};
/* End PBXProject section */

/* Begin PBXResourcesBuildPhase section */
		838C130D1D13E5A600D3046E /* Resources */ = {
			isa = PBXResourcesBuildPhase;
			buildActionMask = 2147483647;
			files = (
				838C131D1D13E5A600D3046E /* LaunchScreen.storyboard in Resources */,
				838C131A1D13E5A600D3046E /* Assets.xcassets in Resources */,
				838C13181D13E5A600D3046E /* Main.storyboard in Resources */,
			);
			runOnlyForDeploymentPostprocessing = 0;
		};
/* End PBXResourcesBuildPhase section */

/* Begin PBXSourcesBuildPhase section */
		838C130B1D13E5A600D3046E /* Sources */ = {
			isa = PBXSourcesBuildPhase;
			buildActionMask = 2147483647;
			files = (
				838D0A1E1D237B0400AFEB01 /* RHSocketConnectionDelegate.swift in Sources */,
				838C132A1D13E64100D3046E /* RHAsyncSocketError.swift in Sources */,
				838C13151D13E5A600D3046E /* ViewController.swift in Sources */,
				838D0A271D23A6E100AFEB01 /* RHSocketVariableLengthDecoder.swift in Sources */,
				83FE29741D16434900671680 /* RHSocketUtils.swift in Sources */,
				838D0A251D23A6E100AFEB01 /* RHSocketDelimiterDecoder.swift in Sources */,
				83874C481D143FF70056953D /* RHSocketPacket.swift in Sources */,
				838D0A2D1D23AF5100AFEB01 /* RHSocketHttpResponse.swift in Sources */,
				83874C441D143D130056953D /* RHSocketChannel.swift in Sources */,
				838C13261D13E60500D3046E /* RHAsyncSocket.swift in Sources */,
				838D0A281D23A6E100AFEB01 /* RHSocketVariableLengthEncoder.swift in Sources */,
				838D0A2F1D23B15300AFEB01 /* RHSocketHttpEncoder.swift in Sources */,
				838D0A241D23A6E100AFEB01 /* RHSocketCodecProtocol.swift in Sources */,
				838C13131D13E5A600D3046E /* AppDelegate.swift in Sources */,
				838D0A1C1D237A6F00AFEB01 /* RHSocketConnection.swift in Sources */,
				838D0A311D23B29100AFEB01 /* RHSocketHttpDecoder.swift in Sources */,
				838D0A261D23A6E100AFEB01 /* RHSocketDelimiterEncoder.swift in Sources */,
				838D0A2B1D23ADC600AFEB01 /* RHSocketHttpRequest.swift in Sources */,
			);
			runOnlyForDeploymentPostprocessing = 0;
		};
/* End PBXSourcesBuildPhase section */

/* Begin PBXVariantGroup section */
		838C13161D13E5A600D3046E /* Main.storyboard */ = {
			isa = PBXVariantGroup;
			children = (
				838C13171D13E5A600D3046E /* Base */,
			);
			name = Main.storyboard;
			sourceTree = "<group>";
		};
		838C131B1D13E5A600D3046E /* LaunchScreen.storyboard */ = {
			isa = PBXVariantGroup;
			children = (
				838C131C1D13E5A600D3046E /* Base */,
			);
			name = LaunchScreen.storyboard;
			sourceTree = "<group>";
		};
/* End PBXVariantGroup section */

/* Begin XCBuildConfiguration section */
		838C131F1D13E5A600D3046E /* Debug */ = {
			isa = XCBuildConfiguration;
			buildSettings = {
				ALWAYS_SEARCH_USER_PATHS = NO;
				CLANG_ANALYZER_NONNULL = YES;
				CLANG_CXX_LANGUAGE_STANDARD = "gnu++0x";
				CLANG_CXX_LIBRARY = "libc++";
				CLANG_ENABLE_MODULES = YES;
				CLANG_ENABLE_OBJC_ARC = YES;
				CLANG_WARN_BOOL_CONVERSION = YES;
				CLANG_WARN_CONSTANT_CONVERSION = YES;
				CLANG_WARN_DIRECT_OBJC_ISA_USAGE = YES_ERROR;
				CLANG_WARN_EMPTY_BODY = YES;
				CLANG_WARN_ENUM_CONVERSION = YES;
				CLANG_WARN_INT_CONVERSION = YES;
				CLANG_WARN_OBJC_ROOT_CLASS = YES_ERROR;
				CLANG_WARN_UNREACHABLE_CODE = YES;
				CLANG_WARN__DUPLICATE_METHOD_MATCH = YES;
				"CODE_SIGN_IDENTITY[sdk=iphoneos*]" = "iPhone Developer";
				COPY_PHASE_STRIP = NO;
				DEBUG_INFORMATION_FORMAT = dwarf;
				ENABLE_STRICT_OBJC_MSGSEND = YES;
				ENABLE_TESTABILITY = YES;
				GCC_C_LANGUAGE_STANDARD = gnu99;
				GCC_DYNAMIC_NO_PIC = NO;
				GCC_NO_COMMON_BLOCKS = YES;
				GCC_OPTIMIZATION_LEVEL = 0;
				GCC_PREPROCESSOR_DEFINITIONS = (
					"DEBUG=1",
					"$(inherited)",
				);
				GCC_WARN_64_TO_32_BIT_CONVERSION = YES;
				GCC_WARN_ABOUT_RETURN_TYPE = YES_ERROR;
				GCC_WARN_UNDECLARED_SELECTOR = YES;
				GCC_WARN_UNINITIALIZED_AUTOS = YES_AGGRESSIVE;
				GCC_WARN_UNUSED_FUNCTION = YES;
				GCC_WARN_UNUSED_VARIABLE = YES;
				IPHONEOS_DEPLOYMENT_TARGET = 9.3;
				MTL_ENABLE_DEBUG_INFO = YES;
				ONLY_ACTIVE_ARCH = YES;
				SDKROOT = iphoneos;
				SWIFT_OPTIMIZATION_LEVEL = "-Onone";
				TARGETED_DEVICE_FAMILY = "1,2";
			};
			name = Debug;
		};
		838C13201D13E5A600D3046E /* Release */ = {
			isa = XCBuildConfiguration;
			buildSettings = {
				ALWAYS_SEARCH_USER_PATHS = NO;
				CLANG_ANALYZER_NONNULL = YES;
				CLANG_CXX_LANGUAGE_STANDARD = "gnu++0x";
				CLANG_CXX_LIBRARY = "libc++";
				CLANG_ENABLE_MODULES = YES;
				CLANG_ENABLE_OBJC_ARC = YES;
				CLANG_WARN_BOOL_CONVERSION = YES;
				CLANG_WARN_CONSTANT_CONVERSION = YES;
				CLANG_WARN_DIRECT_OBJC_ISA_USAGE = YES_ERROR;
				CLANG_WARN_EMPTY_BODY = YES;
				CLANG_WARN_ENUM_CONVERSION = YES;
				CLANG_WARN_INT_CONVERSION = YES;
				CLANG_WARN_OBJC_ROOT_CLASS = YES_ERROR;
				CLANG_WARN_UNREACHABLE_CODE = YES;
				CLANG_WARN__DUPLICATE_METHOD_MATCH = YES;
				"CODE_SIGN_IDENTITY[sdk=iphoneos*]" = "iPhone Developer";
				COPY_PHASE_STRIP = NO;
				DEBUG_INFORMATION_FORMAT = "dwarf-with-dsym";
				ENABLE_NS_ASSERTIONS = NO;
				ENABLE_STRICT_OBJC_MSGSEND = YES;
				GCC_C_LANGUAGE_STANDARD = gnu99;
				GCC_NO_COMMON_BLOCKS = YES;
				GCC_WARN_64_TO_32_BIT_CONVERSION = YES;
				GCC_WARN_ABOUT_RETURN_TYPE = YES_ERROR;
				GCC_WARN_UNDECLARED_SELECTOR = YES;
				GCC_WARN_UNINITIALIZED_AUTOS = YES_AGGRESSIVE;
				GCC_WARN_UNUSED_FUNCTION = YES;
				GCC_WARN_UNUSED_VARIABLE = YES;
				IPHONEOS_DEPLOYMENT_TARGET = 9.3;
				MTL_ENABLE_DEBUG_INFO = NO;
				SDKROOT = iphoneos;
				TARGETED_DEVICE_FAMILY = "1,2";
				VALIDATE_PRODUCT = YES;
			};
			name = Release;
		};
		838C13221D13E5A600D3046E /* Debug */ = {
			isa = XCBuildConfiguration;
			buildSettings = {
				ASSETCATALOG_COMPILER_APPICON_NAME = AppIcon;
				INFOPLIST_FILE = "RHSocketKit-Swift/Info.plist";
				LD_RUNPATH_SEARCH_PATHS = "$(inherited) @executable_path/Frameworks";
				PRODUCT_BUNDLE_IDENTIFIER = "com.RHSocketKit-Swift";
				PRODUCT_NAME = "$(TARGET_NAME)";
			};
			name = Debug;
		};
		838C13231D13E5A600D3046E /* Release */ = {
			isa = XCBuildConfiguration;
			buildSettings = {
				ASSETCATALOG_COMPILER_APPICON_NAME = AppIcon;
				INFOPLIST_FILE = "RHSocketKit-Swift/Info.plist";
				LD_RUNPATH_SEARCH_PATHS = "$(inherited) @executable_path/Frameworks";
				PRODUCT_BUNDLE_IDENTIFIER = "com.RHSocketKit-Swift";
				PRODUCT_NAME = "$(TARGET_NAME)";
			};
			name = Release;
		};
/* End XCBuildConfiguration section */

/* Begin XCConfigurationList section */
		838C130A1D13E5A600D3046E /* Build configuration list for PBXProject "RHSocketKit-Swift" */ = {
			isa = XCConfigurationList;
			buildConfigurations = (
				838C131F1D13E5A600D3046E /* Debug */,
				838C13201D13E5A600D3046E /* Release */,
			);
			defaultConfigurationIsVisible = 0;
			defaultConfigurationName = Release;
		};
		838C13211D13E5A600D3046E /* Build configuration list for PBXNativeTarget "RHSocketKit-Swift" */ = {
			isa = XCConfigurationList;
			buildConfigurations = (
				838C13221D13E5A600D3046E /* Debug */,
				838C13231D13E5A600D3046E /* Release */,
			);
			defaultConfigurationIsVisible = 0;
			defaultConfigurationName = Release;
		};
/* End XCConfigurationList section */
	};
	rootObject = 838C13071D13E5A600D3046E /* Project object */;
}
